
Microsoft Visual Studio Solution File, Format Version 12.00
# Visual Studio Version 17
VisualStudioVersion = 17.6.33815.320
MinimumVisualStudioVersion = 10.0.40219.1
Project("{FAE04EC0-301F-11D3-BF4B-00C04F79EFBC}") = "ConApp_Doubly_LinkedList", "ConApp_Doubly_LinkedList.csproj", "{CD295C87-ED0E-46ED-ABBD-619C8D49EA05}"
EndProject
Global
	GlobalSection(SolutionConfigurationPlatforms) = preSolution
		Debug|Any CPU = Debug|Any CPU
		Release|Any CPU = Release|Any CPU
	EndGlobalSection
	GlobalSection(ProjectConfigurationPlatforms) = postSolution
		{CD295C87-ED0E-46ED-ABBD-619C8D49EA05}.Debug|Any CPU.ActiveCfg = Debug|Any CPU
		{CD295C87-ED0E-46ED-ABBD-619C8D49EA05}.Debug|Any CPU.Build.0 = Debug|Any CPU
		{CD295C87-ED0E-46ED-ABBD-619C8D49EA05}.Release|Any CPU.ActiveCfg = Release|Any CPU
		{CD295C87-ED0E-46ED-ABBD-619C8D49EA05}.Release|Any CPU.Build.0 = Release|Any CPU
	EndGlobalSection
	GlobalSection(SolutionProperties) = preSolution
		HideSolutionNode = FALSE
	EndGlobalSection
	GlobalSection(ExtensibilityGlobals) = postSolution
		SolutionGuid = {B16F74A7-B92F-41D0-92B4-854811009261}
	EndGlobalSection
EndGlobal
